PODS:
  - agora_rtc_engine (6.1.0):
    - AgoraIrisRTC_iOS (= 4.1.0-rc.2)
    - AgoraRtcEngine_iOS (= 4.1.0)
    - Flutter
  - AgoraIrisEventFlutter_iOS (2.0.0)
  - AgoraIrisRTC_iOS (4.1.0-rc.2)
  - AgoraRtcEngine_iOS (4.1.0):
    - AgoraRtcEngine_iOS/AIAEC (= 4.1.0)
    - AgoraRtcEngine_iOS/AINS (= 4.1.0)
    - AgoraRtcEngine_iOS/AudioBeauty (= 4.1.0)
    - AgoraRtcEngine_iOS/ClearVision (= 4.1.0)
    - AgoraRtcEngine_iOS/ContentInspect (= 4.1.0)
    - AgoraRtcEngine_iOS/DRM (= 4.1.0)
    - AgoraRtcEngine_iOS/ReplayKit (= 4.1.0)
    - AgoraRtcEngine_iOS/RtcBasic (= 4.1.0)
    - AgoraRtcEngine_iOS/SpatialAudio (= 4.1.0)
    - AgoraRtcEngine_iOS/SuperResolution (= 4.1.0)
    - AgoraRtcEngine_iOS/VirtualBackground (= 4.1.0)
    - AgoraRtcEngine_iOS/VQA (= 4.1.0)
  - AgoraRtcEngine_iOS/AIAEC (4.1.0)
  - AgoraRtcEngine_iOS/AINS (4.1.0)
  - AgoraRtcEngine_iOS/AudioBeauty (4.1.0)
  - AgoraRtcEngine_iOS/ClearVision (4.1.0)
  - AgoraRtcEngine_iOS/ContentInspect (4.1.0)
  - AgoraRtcEngine_iOS/DRM (4.1.0)
  - AgoraRtcEngine_iOS/ReplayKit (4.1.0)
  - AgoraRtcEngine_iOS/RtcBasic (4.1.0)
  - AgoraRtcEngine_iOS/SpatialAudio (4.1.0)
  - AgoraRtcEngine_iOS/SuperResolution (4.1.0)
  - AgoraRtcEngine_iOS/VirtualBackground (4.1.0)
  - AgoraRtcEngine_iOS/VQA (4.1.0)
  - Flutter (1.0.0)
  - iris_event (0.0.1):
    - AgoraIrisEventFlutter_iOS (= 2.0.0)
    - Flutter
  - path_provider_foundation (0.0.1):
    - Flutter
    - FlutterMacOS
  - permission_handler_apple (9.0.4):
    - Flutter

DEPENDENCIES:
  - agora_rtc_engine (from `.symlinks/plugins/agora_rtc_engine/ios`)
  - Flutter (from `Flutter`)
  - iris_event (from `.symlinks/plugins/iris_event/ios`)
  - path_provider_foundation (from `.symlinks/plugins/path_provider_foundation/ios`)
  - permission_handler_apple (from `.symlinks/plugins/permission_handler_apple/ios`)

SPEC REPOS:
  trunk:
    - AgoraIrisEventFlutter_iOS
    - AgoraIrisRTC_iOS
    - AgoraRtcEngine_iOS

EXTERNAL SOURCES:
  agora_rtc_engine:
    :path: ".symlinks/plugins/agora_rtc_engine/ios"
  Flutter:
    :path: Flutter
  iris_event:
    :path: ".symlinks/plugins/iris_event/ios"
  path_provider_foundation:
    :path: ".symlinks/plugins/path_provider_foundation/ios"
  permission_handler_apple:
    :path: ".symlinks/plugins/permission_handler_apple/ios"

SPEC CHECKSUMS:
  agora_rtc_engine: a84afbebf11801043623d3b5f994bb69d4159948
  AgoraIrisEventFlutter_iOS: d7ee4acb57d9042dbe9d64229bfe9bf8e32b6f2f
  AgoraIrisRTC_iOS: 820fbab2d78d870a1bad4b1a02f950a390c73b48
  AgoraRtcEngine_iOS: 33f0136ad4196b2a31c8470e6b536fe77fb25f8b
  Flutter: f04841e97a9d0b0a8025694d0796dd46242b2854
  iris_event: fdcf9bbb53095fd9609ea19941df551d0398a789
  path_provider_foundation: 37748e03f12783f9de2cb2c4eadfaa25fe6d4852
  permission_handler_apple: 44366e37eaf29454a1e7b1b7d736c2cceaeb17ce

PODFILE CHECKSUM: ef19549a9bc3046e7bb7d2fab4d021637c0c58a3

COCOAPODS: 1.11.3
